
Microsoft Visual Studio Solution File, Format Version 12.00
# Visual Studio Version 16
VisualStudioVersion = 16.0.28922.388
MinimumVisualStudioVersion = 10.0.40219.1
Project("{9A19103F-16F7-4668-BE54-9A1E7A4F7556}") = "FluentCommands", "FluentCommands.csproj", "{1CA927AF-8BF1-4B7C-8C39-B7AAF44484DB}"
EndProject
Project("{9A19103F-16F7-4668-BE54-9A1E7A4F7556}") = "FluentCommands.Tests", "Tests\FluentCommands.Tests.Integration\FluentCommands.Tests.csproj", "{D10C8B61-6DD9-4344-9495-90D4A4BC37C6}"
EndProject
Global
	GlobalSection(SolutionConfigurationPlatforms) = preSolution
		Debug|Any CPU = Debug|Any CPU
		Release|Any CPU = Release|Any CPU
	EndGlobalSection
	GlobalSection(ProjectConfigurationPlatforms) = postSolution
		{1CA927AF-8BF1-4B7C-8C39-B7AAF44484DB}.Debug|Any CPU.ActiveCfg = Debug|Any CPU
		{1CA927AF-8BF1-4B7C-8C39-B7AAF44484DB}.Debug|Any CPU.Build.0 = Debug|Any CPU
		{1CA927AF-8BF1-4B7C-8C39-B7AAF44484DB}.Release|Any CPU.ActiveCfg = Release|Any CPU
		{1CA927AF-8BF1-4B7C-8C39-B7AAF44484DB}.Release|Any CPU.Build.0 = Release|Any CPU
		{D10C8B61-6DD9-4344-9495-90D4A4BC37C6}.Debug|Any CPU.ActiveCfg = Debug|Any CPU
		{D10C8B61-6DD9-4344-9495-90D4A4BC37C6}.Debug|Any CPU.Build.0 = Debug|Any CPU
		{D10C8B61-6DD9-4344-9495-90D4A4BC37C6}.Release|Any CPU.ActiveCfg = Release|Any CPU
		{D10C8B61-6DD9-4344-9495-90D4A4BC37C6}.Release|Any CPU.Build.0 = Release|Any CPU
	EndGlobalSection
	GlobalSection(SolutionProperties) = preSolution
		HideSolutionNode = FALSE
	EndGlobalSection
	GlobalSection(ExtensibilityGlobals) = postSolution
		SolutionGuid = {62C84537-9E59-4775-AADC-56F43109BF5D}
	EndGlobalSection
EndGlobal
